
Microsoft Visual Studio Solution File, Format Version 12.00
# Visual Studio 15
VisualStudioVersion = 15.0.27428.2037
MinimumVisualStudioVersion = 10.0.40219.1
Project("{FAE04EC0-301F-11D3-BF4B-00C04F79EFBC}") = "QuanLyBanHang", "QuanLyBanHang\QuanLyBanHang.csproj", "{74C0D050-9E3B-453B-8A41-6364D2F00ADB}"
EndProject
Global
	GlobalSection(SolutionConfigurationPlatforms) = preSolution
		Debug|Any CPU = Debug|Any CPU
		Release|Any CPU = Release|Any CPU
	EndGlobalSection
	GlobalSection(ProjectConfigurationPlatforms) = postSolution
		{74C0D050-9E3B-453B-8A41-6364D2F00ADB}.Debug|Any CPU.ActiveCfg = Debug|Any CPU
		{74C0D050-9E3B-453B-8A41-6364D2F00ADB}.Debug|Any CPU.Build.0 = Debug|Any CPU
		{74C0D050-9E3B-453B-8A41-6364D2F00ADB}.Release|Any CPU.ActiveCfg = Release|Any CPU
		{74C0D050-9E3B-453B-8A41-6364D2F00ADB}.Release|Any CPU.Build.0 = Release|Any CPU
	EndGlobalSection
	GlobalSection(SolutionProperties) = preSolution
		HideSolutionNode = FALSE
	EndGlobalSection
	GlobalSection(ExtensibilityGlobals) = postSolution
		SolutionGuid = {313CB19A-0F1D-40AD-ABF6-9C9E9BA662E0}
	EndGlobalSection
EndGlobal
